// !$*UTF8*$!
{
	archiveVersion = 1;
	classes = {
	};
	objectVersion = 56;
	objects = {

/* Begin PBXBuildFile section */
		380EDD0529D51839008238C8 /* PokemonInfoModel.swift in Sources */ = {isa = PBXBuildFile; fileRef = 380EDD0429D51839008238C8 /* PokemonInfoModel.swift */; };
		380EDD0729D51A57008238C8 /* PokemonInfoViewModel.swift in Sources */ = {isa = PBXBuildFile; fileRef = 380EDD0629D51A57008238C8 /* PokemonInfoViewModel.swift */; };
		380EDD0929D51A6D008238C8 /* PokemonInfoViewModelProtocol.swift in Sources */ = {isa = PBXBuildFile; fileRef = 380EDD0829D51A6D008238C8 /* PokemonInfoViewModelProtocol.swift */; };
		380EDD0B29D51AD5008238C8 /* PokemonInfoViewProtocol.swift in Sources */ = {isa = PBXBuildFile; fileRef = 380EDD0A29D51AD5008238C8 /* PokemonInfoViewProtocol.swift */; };
		380EDD0D29D5204A008238C8 /* PokemonInfoVC.swift in Sources */ = {isa = PBXBuildFile; fileRef = 380EDD0C29D5204A008238C8 /* PokemonInfoVC.swift */; };
		380EDD0F29D520AF008238C8 /* PokemonInfoView.swift in Sources */ = {isa = PBXBuildFile; fileRef = 380EDD0E29D520AF008238C8 /* PokemonInfoView.swift */; };
		380EDD1129D5283F008238C8 /* PokemonInfoDescriptionView.swift in Sources */ = {isa = PBXBuildFile; fileRef = 380EDD1029D5283F008238C8 /* PokemonInfoDescriptionView.swift */; };
		380EDD1429D5401A008238C8 /* CoordinatorProtocol.swift in Sources */ = {isa = PBXBuildFile; fileRef = 380EDD1329D5401A008238C8 /* CoordinatorProtocol.swift */; };
		380EDD1629D54036008238C8 /* AppCoordinator.swift in Sources */ = {isa = PBXBuildFile; fileRef = 380EDD1529D54036008238C8 /* AppCoordinator.swift */; };
		380EDD1929D540BC008238C8 /* PokemonListCoordinator.swift in Sources */ = {isa = PBXBuildFile; fileRef = 380EDD1829D540BC008238C8 /* PokemonListCoordinator.swift */; };
		380EDD1B29D5410B008238C8 /* PokemonListCoordinatorProtocol.swift in Sources */ = {isa = PBXBuildFile; fileRef = 380EDD1A29D5410B008238C8 /* PokemonListCoordinatorProtocol.swift */; };
		380EDD1E29D54324008238C8 /* PokemonInfoCoordinator.swift in Sources */ = {isa = PBXBuildFile; fileRef = 380EDD1D29D54324008238C8 /* PokemonInfoCoordinator.swift */; };
		380EDD2029D543CE008238C8 /* PokemonInfoCoordinatorProtocol.swift in Sources */ = {isa = PBXBuildFile; fileRef = 380EDD1F29D543CE008238C8 /* PokemonInfoCoordinatorProtocol.swift */; };
		380EDD2329D55175008238C8 /* UIStackView+Spacing.swift in Sources */ = {isa = PBXBuildFile; fileRef = 380EDD2229D55175008238C8 /* UIStackView+Spacing.swift */; };
		3899C21629D427F100E36DB0 /* AppDelegate.swift in Sources */ = {isa = PBXBuildFile; fileRef = 3899C21529D427F100E36DB0 /* AppDelegate.swift */; };
		3899C21F29D427F200E36DB0 /* Assets.xcassets in Resources */ = {isa = PBXBuildFile; fileRef = 3899C21E29D427F200E36DB0 /* Assets.xcassets */; };
		3899C22229D427F200E36DB0 /* LaunchScreen.storyboard in Resources */ = {isa = PBXBuildFile; fileRef = 3899C22029D427F200E36DB0 /* LaunchScreen.storyboard */; };
		3899C22F29D42B9900E36DB0 /* PokemonsVC.swift in Sources */ = {isa = PBXBuildFile; fileRef = 3899C22E29D42B9900E36DB0 /* PokemonsVC.swift */; };
		3899C23129D44B1200E36DB0 /* PockemonListModel.swift in Sources */ = {isa = PBXBuildFile; fileRef = 3899C23029D44B1200E36DB0 /* PockemonListModel.swift */; };
		3899C23329D44E6500E36DB0 /* PokemonsView.swift in Sources */ = {isa = PBXBuildFile; fileRef = 3899C23229D44E6500E36DB0 /* PokemonsView.swift */; };
		3899C23529D44EBB00E36DB0 /* PokemonsView+Extension.swift in Sources */ = {isa = PBXBuildFile; fileRef = 3899C23429D44EBB00E36DB0 /* PokemonsView+Extension.swift */; };
		3899C23729D4532600E36DB0 /* NetworkServiceProtocol.swift in Sources */ = {isa = PBXBuildFile; fileRef = 3899C23629D4532600E36DB0 /* NetworkServiceProtocol.swift */; };
		3899C23929D453C900E36DB0 /* NetworkService.swift in Sources */ = {isa = PBXBuildFile; fileRef = 3899C23829D453C900E36DB0 /* NetworkService.swift */; };
		3899C23C29D4580F00E36DB0 /* ImageCache.swift in Sources */ = {isa = PBXBuildFile; fileRef = 3899C23B29D4580F00E36DB0 /* ImageCache.swift */; };
		3899C23E29D4593800E36DB0 /* ImageCacheProtocol.swift in Sources */ = {isa = PBXBuildFile; fileRef = 3899C23D29D4593800E36DB0 /* ImageCacheProtocol.swift */; };
		3899C24029D45D9700E36DB0 /* PokemonListViewModel.swift in Sources */ = {isa = PBXBuildFile; fileRef = 3899C23F29D45D9700E36DB0 /* PokemonListViewModel.swift */; };
		3899C24829D4646F00E36DB0 /* PockemonCellViewModel.swift in Sources */ = {isa = PBXBuildFile; fileRef = 3899C24729D4646F00E36DB0 /* PockemonCellViewModel.swift */; };
		3899C24B29D4651000E36DB0 /* Pokemon.swift in Sources */ = {isa = PBXBuildFile; fileRef = 3899C24A29D4651000E36DB0 /* Pokemon.swift */; };
		3899C24D29D465C700E36DB0 /* PokemonViewCell.swift in Sources */ = {isa = PBXBuildFile; fileRef = 3899C24C29D465C700E36DB0 /* PokemonViewCell.swift */; };
		3899C25129D475D300E36DB0 /* PokemonCellViewModelProtocol.swift in Sources */ = {isa = PBXBuildFile; fileRef = 3899C25029D475D300E36DB0 /* PokemonCellViewModelProtocol.swift */; };
		3899C25329D4781100E36DB0 /* PokemonListViewModelProtocol.swift in Sources */ = {isa = PBXBuildFile; fileRef = 3899C25229D4781100E36DB0 /* PokemonListViewModelProtocol.swift */; };
		3899C25529D4784B00E36DB0 /* PokemonsViewProtocol.swift in Sources */ = {isa = PBXBuildFile; fileRef = 3899C25429D4784B00E36DB0 /* PokemonsViewProtocol.swift */; };
/* End PBXBuildFile section */

/* Begin PBXFileReference section */
		380EDD0429D51839008238C8 /* PokemonInfoModel.swift */ = {isa = PBXFileReference; lastKnownFileType = sourcecode.swift; path = PokemonInfoModel.swift; sourceTree = "<group>"; };
		380EDD0629D51A57008238C8 /* PokemonInfoViewModel.swift */ = {isa = PBXFileReference; lastKnownFileType = sourcecode.swift; path = PokemonInfoViewModel.swift; sourceTree = "<group>"; };
		380EDD0829D51A6D008238C8 /* PokemonInfoViewModelProtocol.swift */ = {isa = PBXFileReference; lastKnownFileType = sourcecode.swift; path = PokemonInfoViewModelProtocol.swift; sourceTree = "<group>"; };
		380EDD0A29D51AD5008238C8 /* PokemonInfoViewProtocol.swift */ = {isa = PBXFileReference; lastKnownFileType = sourcecode.swift; path = PokemonInfoViewProtocol.swift; sourceTree = "<group>"; };
		380EDD0C29D5204A008238C8 /* PokemonInfoVC.swift */ = {isa = PBXFileReference; lastKnownFileType = sourcecode.swift; path = PokemonInfoVC.swift; sourceTree = "<group>"; };
		380EDD0E29D520AF008238C8 /* PokemonInfoView.swift */ = {isa = PBXFileReference; lastKnownFileType = sourcecode.swift; path = PokemonInfoView.swift; sourceTree = "<group>"; };
		380EDD1029D5283F008238C8 /* PokemonInfoDescriptionView.swift */ = {isa = PBXFileReference; lastKnownFileType = sourcecode.swift; path = PokemonInfoDescriptionView.swift; sourceTree = "<group>"; };
		380EDD1329D5401A008238C8 /* CoordinatorProtocol.swift */ = {isa = PBXFileReference; lastKnownFileType = sourcecode.swift; path = CoordinatorProtocol.swift; sourceTree = "<group>"; };
		380EDD1529D54036008238C8 /* AppCoordinator.swift */ = {isa = PBXFileReference; lastKnownFileType = sourcecode.swift; path = AppCoordinator.swift; sourceTree = "<group>"; };
		380EDD1829D540BC008238C8 /* PokemonListCoordinator.swift */ = {isa = PBXFileReference; lastKnownFileType = sourcecode.swift; path = PokemonListCoordinator.swift; sourceTree = "<group>"; };
		380EDD1A29D5410B008238C8 /* PokemonListCoordinatorProtocol.swift */ = {isa = PBXFileReference; lastKnownFileType = sourcecode.swift; path = PokemonListCoordinatorProtocol.swift; sourceTree = "<group>"; };
		380EDD1D29D54324008238C8 /* PokemonInfoCoordinator.swift */ = {isa = PBXFileReference; lastKnownFileType = sourcecode.swift; path = PokemonInfoCoordinator.swift; sourceTree = "<group>"; };
		380EDD1F29D543CE008238C8 /* PokemonInfoCoordinatorProtocol.swift */ = {isa = PBXFileReference; lastKnownFileType = sourcecode.swift; path = PokemonInfoCoordinatorProtocol.swift; sourceTree = "<group>"; };
		380EDD2229D55175008238C8 /* UIStackView+Spacing.swift */ = {isa = PBXFileReference; lastKnownFileType = sourcecode.swift; path = "UIStackView+Spacing.swift"; sourceTree = "<group>"; };
		3899C21229D427F100E36DB0 /* Pokemons.app */ = {isa = PBXFileReference; explicitFileType = wrapper.application; includeInIndex = 0; path = Pokemons.app; sourceTree = BUILT_PRODUCTS_DIR; };
		3899C21529D427F100E36DB0 /* AppDelegate.swift */ = {isa = PBXFileReference; lastKnownFileType = sourcecode.swift; path = AppDelegate.swift; sourceTree = "<group>"; };
		3899C21E29D427F200E36DB0 /* Assets.xcassets */ = {isa = PBXFileReference; lastKnownFileType = folder.assetcatalog; path = Assets.xcassets; sourceTree = "<group>"; };
		3899C22129D427F200E36DB0 /* Base */ = {isa = PBXFileReference; lastKnownFileType = file.storyboard; name = Base; path = Base.lproj/LaunchScreen.storyboard; sourceTree = "<group>"; };
		3899C22329D427F200E36DB0 /* Info.plist */ = {isa = PBXFileReference; lastKnownFileType = text.plist.xml; path = Info.plist; sourceTree = "<group>"; };
		3899C22E29D42B9900E36DB0 /* PokemonsVC.swift */ = {isa = PBXFileReference; lastKnownFileType = sourcecode.swift; path = PokemonsVC.swift; sourceTree = "<group>"; };
		3899C23029D44B1200E36DB0 /* PockemonListModel.swift */ = {isa = PBXFileReference; lastKnownFileType = sourcecode.swift; path = PockemonListModel.swift; sourceTree = "<group>"; };
		3899C23229D44E6500E36DB0 /* PokemonsView.swift */ = {isa = PBXFileReference; lastKnownFileType = sourcecode.swift; path = PokemonsView.swift; sourceTree = "<group>"; };
		3899C23429D44EBB00E36DB0 /* PokemonsView+Extension.swift */ = {isa = PBXFileReference; lastKnownFileType = sourcecode.swift; path = "PokemonsView+Extension.swift"; sourceTree = "<group>"; };
		3899C23629D4532600E36DB0 /* NetworkServiceProtocol.swift */ = {isa = PBXFileReference; lastKnownFileType = sourcecode.swift; path = NetworkServiceProtocol.swift; sourceTree = "<group>"; };
		3899C23829D453C900E36DB0 /* NetworkService.swift */ = {isa = PBXFileReference; lastKnownFileType = sourcecode.swift; path = NetworkService.swift; sourceTree = "<group>"; };
		3899C23B29D4580F00E36DB0 /* ImageCache.swift */ = {isa = PBXFileReference; lastKnownFileType = sourcecode.swift; path = ImageCache.swift; sourceTree = "<group>"; };
		3899C23D29D4593800E36DB0 /* ImageCacheProtocol.swift */ = {isa = PBXFileReference; lastKnownFileType = sourcecode.swift; path = ImageCacheProtocol.swift; sourceTree = "<group>"; };
		3899C23F29D45D9700E36DB0 /* PokemonListViewModel.swift */ = {isa = PBXFileReference; lastKnownFileType = sourcecode.swift; path = PokemonListViewModel.swift; sourceTree = "<group>"; };
		3899C24729D4646F00E36DB0 /* PockemonCellViewModel.swift */ = {isa = PBXFileReference; lastKnownFileType = sourcecode.swift; path = PockemonCellViewModel.swift; sourceTree = "<group>"; };
		3899C24A29D4651000E36DB0 /* Pokemon.swift */ = {isa = PBXFileReference; lastKnownFileType = sourcecode.swift; path = Pokemon.swift; sourceTree = "<group>"; };
		3899C24C29D465C700E36DB0 /* PokemonViewCell.swift */ = {isa = PBXFileReference; lastKnownFileType = sourcecode.swift; path = PokemonViewCell.swift; sourceTree = "<group>"; };
		3899C25029D475D300E36DB0 /* PokemonCellViewModelProtocol.swift */ = {isa = PBXFileReference; lastKnownFileType = sourcecode.swift; path = PokemonCellViewModelProtocol.swift; sourceTree = "<group>"; };
		3899C25229D4781100E36DB0 /* PokemonListViewModelProtocol.swift */ = {isa = PBXFileReference; lastKnownFileType = sourcecode.swift; path = PokemonListViewModelProtocol.swift; sourceTree = "<group>"; };
		3899C25429D4784B00E36DB0 /* PokemonsViewProtocol.swift */ = {isa = PBXFileReference; lastKnownFileType = sourcecode.swift; path = PokemonsViewProtocol.swift; sourceTree = "<group>"; };
/* End PBXFileReference section */

/* Begin PBXFrameworksBuildPhase section */
		3899C20F29D427F100E36DB0 /* Frameworks */ = {
			isa = PBXFrameworksBuildPhase;
			buildActionMask = 2147483647;
			files = (
			);
			runOnlyForDeploymentPostprocessing = 0;
		};
/* End PBXFrameworksBuildPhase section */

/* Begin PBXGroup section */
		380EDCFF29D5052A008238C8 /* Applications */ = {
			isa = PBXGroup;
			children = (
				380EDD1229D53FF8008238C8 /* Coordinator */,
				3899C21529D427F100E36DB0 /* AppDelegate.swift */,
			);
			path = Applications;
			sourceTree = "<group>";
		};
		380EDD0029D517C9008238C8 /* PokemonInfo */ = {
			isa = PBXGroup;
			children = (
				380EDD1C29D54309008238C8 /* Coordinator */,
				380EDD0329D51810008238C8 /* Model */,
				380EDD0229D51804008238C8 /* ViewModel */,
				380EDD0129D517F9008238C8 /* Veiw */,
			);
			path = PokemonInfo;
			sourceTree = "<group>";
		};
		380EDD0129D517F9008238C8 /* Veiw */ = {
			isa = PBXGroup;
			children = (
				380EDD0C29D5204A008238C8 /* PokemonInfoVC.swift */,
				380EDD0E29D520AF008238C8 /* PokemonInfoView.swift */,
				380EDD1029D5283F008238C8 /* PokemonInfoDescriptionView.swift */,
				380EDD0A29D51AD5008238C8 /* PokemonInfoViewProtocol.swift */,
			);
			path = Veiw;
			sourceTree = "<group>";
		};
		380EDD0229D51804008238C8 /* ViewModel */ = {
			isa = PBXGroup;
			children = (
				380EDD0629D51A57008238C8 /* PokemonInfoViewModel.swift */,
				380EDD0829D51A6D008238C8 /* PokemonInfoViewModelProtocol.swift */,
			);
			path = ViewModel;
			sourceTree = "<group>";
		};
		380EDD0329D51810008238C8 /* Model */ = {
			isa = PBXGroup;
			children = (
				380EDD0429D51839008238C8 /* PokemonInfoModel.swift */,
			);
			path = Model;
			sourceTree = "<group>";
		};
		380EDD1229D53FF8008238C8 /* Coordinator */ = {
			isa = PBXGroup;
			children = (
				380EDD1329D5401A008238C8 /* CoordinatorProtocol.swift */,
				380EDD1529D54036008238C8 /* AppCoordinator.swift */,
			);
			path = Coordinator;
			sourceTree = "<group>";
		};
		380EDD1729D540A1008238C8 /* Coordinator */ = {
			isa = PBXGroup;
			children = (
				380EDD1829D540BC008238C8 /* PokemonListCoordinator.swift */,
				380EDD1A29D5410B008238C8 /* PokemonListCoordinatorProtocol.swift */,
			);
			path = Coordinator;
			sourceTree = "<group>";
		};
		380EDD1C29D54309008238C8 /* Coordinator */ = {
			isa = PBXGroup;
			children = (
				380EDD1D29D54324008238C8 /* PokemonInfoCoordinator.swift */,
				380EDD1F29D543CE008238C8 /* PokemonInfoCoordinatorProtocol.swift */,
			);
			path = Coordinator;
			sourceTree = "<group>";
		};
		380EDD2129D55132008238C8 /* UIStackView+Spacing */ = {
			isa = PBXGroup;
			children = (
				380EDD2229D55175008238C8 /* UIStackView+Spacing.swift */,
			);
			path = "UIStackView+Spacing";
			sourceTree = "<group>";
		};
		380EDD2429D55659008238C8 /* Resources */ = {
			isa = PBXGroup;
			children = (
				3899C21E29D427F200E36DB0 /* Assets.xcassets */,
				3899C22029D427F200E36DB0 /* LaunchScreen.storyboard */,
			);
			path = Resources;
			sourceTree = "<group>";
		};
		380EDD2529D55691008238C8 /* Sources */ = {
			isa = PBXGroup;
			children = (
				3899C22929D42B1A00E36DB0 /* PokemonsList */,
				380EDD0029D517C9008238C8 /* PokemonInfo */,
				3899C22D29D42B6900E36DB0 /* NetworkService */,
				380EDD2129D55132008238C8 /* UIStackView+Spacing */,
			);
			path = Sources;
			sourceTree = "<group>";
		};
		3899C20929D427F100E36DB0 = {
			isa = PBXGroup;
			children = (
				3899C21429D427F100E36DB0 /* Pokemons */,
				3899C21329D427F100E36DB0 /* Products */,
			);
			sourceTree = "<group>";
		};
		3899C21329D427F100E36DB0 /* Products */ = {
			isa = PBXGroup;
			children = (
				3899C21229D427F100E36DB0 /* Pokemons.app */,
			);
			name = Products;
			sourceTree = "<group>";
		};
		3899C21429D427F100E36DB0 /* Pokemons */ = {
			isa = PBXGroup;
			children = (
				380EDCFF29D5052A008238C8 /* Applications */,
				380EDD2429D55659008238C8 /* Resources */,
				380EDD2529D55691008238C8 /* Sources */,
				3899C22329D427F200E36DB0 /* Info.plist */,
			);
			path = Pokemons;
			sourceTree = "<group>";
		};
		3899C22929D42B1A00E36DB0 /* PokemonsList */ = {
			isa = PBXGroup;
			children = (
				380EDD1729D540A1008238C8 /* Coordinator */,
				3899C24129D462F000E36DB0 /* PokemonCell */,
				3899C22C29D42B6100E36DB0 /* Model */,
				3899C22B29D42B5100E36DB0 /* ViewModel */,
				3899C22A29D42B4800E36DB0 /* View */,
			);
			path = PokemonsList;
			sourceTree = "<group>";
		};
		3899C22A29D42B4800E36DB0 /* View */ = {
			isa = PBXGroup;
			children = (
				3899C22E29D42B9900E36DB0 /* PokemonsVC.swift */,
				3899C23229D44E6500E36DB0 /* PokemonsView.swift */,
				3899C23429D44EBB00E36DB0 /* PokemonsView+Extension.swift */,
				3899C25429D4784B00E36DB0 /* PokemonsViewProtocol.swift */,
			);
			path = View;
			sourceTree = "<group>";
		};
		3899C22B29D42B5100E36DB0 /* ViewModel */ = {
			isa = PBXGroup;
			children = (
				3899C23F29D45D9700E36DB0 /* PokemonListViewModel.swift */,
				3899C25229D4781100E36DB0 /* PokemonListViewModelProtocol.swift */,
			);
			path = ViewModel;
			sourceTree = "<group>";
		};
		3899C22C29D42B6100E36DB0 /* Model */ = {
			isa = PBXGroup;
			children = (
				3899C23029D44B1200E36DB0 /* PockemonListModel.swift */,
			);
			path = Model;
			sourceTree = "<group>";
		};
		3899C22D29D42B6900E36DB0 /* NetworkService */ = {
			isa = PBXGroup;
			children = (
				3899C23A29D457F100E36DB0 /* ImageCache */,
				3899C23629D4532600E36DB0 /* NetworkServiceProtocol.swift */,
				3899C23829D453C900E36DB0 /* NetworkService.swift */,
			);
			path = NetworkService;
			sourceTree = "<group>";
		};
		3899C23A29D457F100E36DB0 /* ImageCache */ = {
			isa = PBXGroup;
			children = (
				3899C23D29D4593800E36DB0 /* ImageCacheProtocol.swift */,
				3899C23B29D4580F00E36DB0 /* ImageCache.swift */,
			);
			path = ImageCache;
			sourceTree = "<group>";
		};
		3899C24129D462F000E36DB0 /* PokemonCell */ = {
			isa = PBXGroup;
			children = (
				3899C24929D464F500E36DB0 /* Model */,
				3899C24329D4644300E36DB0 /* ViewModel */,
				3899C24229D4643800E36DB0 /* View */,
			);
			path = PokemonCell;
			sourceTree = "<group>";
		};
		3899C24229D4643800E36DB0 /* View */ = {
			isa = PBXGroup;
			children = (
				3899C24C29D465C700E36DB0 /* PokemonViewCell.swift */,
			);
			path = View;
			sourceTree = "<group>";
		};
		3899C24329D4644300E36DB0 /* ViewModel */ = {
			isa = PBXGroup;
			children = (
				3899C24729D4646F00E36DB0 /* PockemonCellViewModel.swift */,
				3899C25029D475D300E36DB0 /* PokemonCellViewModelProtocol.swift */,
			);
			path = ViewModel;
			sourceTree = "<group>";
		};
		3899C24929D464F500E36DB0 /* Model */ = {
			isa = PBXGroup;
			children = (
				3899C24A29D4651000E36DB0 /* Pokemon.swift */,
			);
			path = Model;
			sourceTree = "<group>";
		};
/* End PBXGroup section */

/* Begin PBXNativeTarget section */
		3899C21129D427F100E36DB0 /* Pokemons */ = {
			isa = PBXNativeTarget;
			buildConfigurationList = 3899C22629D427F200E36DB0 /* Build configuration list for PBXNativeTarget "Pokemons" */;
			buildPhases = (
				3899C20E29D427F100E36DB0 /* Sources */,
				3899C20F29D427F100E36DB0 /* Frameworks */,
				3899C21029D427F100E36DB0 /* Resources */,
			);
			buildRules = (
			);
			dependencies = (
			);
			name = Pokemons;
			productName = Pokemons;
			productReference = 3899C21229D427F100E36DB0 /* Pokemons.app */;
			productType = "com.apple.product-type.application";
		};
/* End PBXNativeTarget section */

/* Begin PBXProject section */
		3899C20A29D427F100E36DB0 /* Project object */ = {
			isa = PBXProject;
			attributes = {
				BuildIndependentTargetsInParallel = 1;
				LastSwiftUpdateCheck = 1420;
				LastUpgradeCheck = 1420;
				TargetAttributes = {
					3899C21129D427F100E36DB0 = {
						CreatedOnToolsVersion = 14.2;
					};
				};
			};
			buildConfigurationList = 3899C20D29D427F100E36DB0 /* Build configuration list for PBXProject "Pokemons" */;
			compatibilityVersion = "Xcode 14.0";
			developmentRegion = en;
			hasScannedForEncodings = 0;
			knownRegions = (
				en,
				Base,
			);
			mainGroup = 3899C20929D427F100E36DB0;
			productRefGroup = 3899C21329D427F100E36DB0 /* Products */;
			projectDirPath = "";
			projectRoot = "";
			targets = (
				3899C21129D427F100E36DB0 /* Pokemons */,
			);
		};
/* End PBXProject section */

/* Begin PBXResourcesBuildPhase section */
		3899C21029D427F100E36DB0 /* Resources */ = {
			isa = PBXResourcesBuildPhase;
			buildActionMask = 2147483647;
			files = (
				3899C22229D427F200E36DB0 /* LaunchScreen.storyboard in Resources */,
				3899C21F29D427F200E36DB0 /* Assets.xcassets in Resources */,
			);
			runOnlyForDeploymentPostprocessing = 0;
		};
/* End PBXResourcesBuildPhase section */

/* Begin PBXSourcesBuildPhase section */
		3899C20E29D427F100E36DB0 /* Sources */ = {
			isa = PBXSourcesBuildPhase;
			buildActionMask = 2147483647;
			files = (
				380EDD0B29D51AD5008238C8 /* PokemonInfoViewProtocol.swift in Sources */,
				3899C21629D427F100E36DB0 /* AppDelegate.swift in Sources */,
				380EDD1629D54036008238C8 /* AppCoordinator.swift in Sources */,
				3899C23129D44B1200E36DB0 /* PockemonListModel.swift in Sources */,
				3899C23929D453C900E36DB0 /* NetworkService.swift in Sources */,
				3899C23C29D4580F00E36DB0 /* ImageCache.swift in Sources */,
				3899C25129D475D300E36DB0 /* PokemonCellViewModelProtocol.swift in Sources */,
				3899C23E29D4593800E36DB0 /* ImageCacheProtocol.swift in Sources */,
				3899C25529D4784B00E36DB0 /* PokemonsViewProtocol.swift in Sources */,
				3899C24B29D4651000E36DB0 /* Pokemon.swift in Sources */,
				380EDD0F29D520AF008238C8 /* PokemonInfoView.swift in Sources */,
				380EDD0929D51A6D008238C8 /* PokemonInfoViewModelProtocol.swift in Sources */,
				380EDD0D29D5204A008238C8 /* PokemonInfoVC.swift in Sources */,
				3899C23529D44EBB00E36DB0 /* PokemonsView+Extension.swift in Sources */,
				3899C25329D4781100E36DB0 /* PokemonListViewModelProtocol.swift in Sources */,
				380EDD1129D5283F008238C8 /* PokemonInfoDescriptionView.swift in Sources */,
				380EDD2029D543CE008238C8 /* PokemonInfoCoordinatorProtocol.swift in Sources */,
				380EDD1E29D54324008238C8 /* PokemonInfoCoordinator.swift in Sources */,
				3899C24829D4646F00E36DB0 /* PockemonCellViewModel.swift in Sources */,
				3899C23729D4532600E36DB0 /* NetworkServiceProtocol.swift in Sources */,
				380EDD1929D540BC008238C8 /* PokemonListCoordinator.swift in Sources */,
				3899C24D29D465C700E36DB0 /* PokemonViewCell.swift in Sources */,
				3899C24029D45D9700E36DB0 /* PokemonListViewModel.swift in Sources */,
				380EDD1B29D5410B008238C8 /* PokemonListCoordinatorProtocol.swift in Sources */,
				380EDD0529D51839008238C8 /* PokemonInfoModel.swift in Sources */,
				380EDD0729D51A57008238C8 /* PokemonInfoViewModel.swift in Sources */,
				380EDD1429D5401A008238C8 /* CoordinatorProtocol.swift in Sources */,
				3899C22F29D42B9900E36DB0 /* PokemonsVC.swift in Sources */,
				3899C23329D44E6500E36DB0 /* PokemonsView.swift in Sources */,
				380EDD2329D55175008238C8 /* UIStackView+Spacing.swift in Sources */,
			);
			runOnlyForDeploymentPostprocessing = 0;
		};
/* End PBXSourcesBuildPhase section */

/* Begin PBXVariantGroup section */
		3899C22029D427F200E36DB0 /* LaunchScreen.storyboard */ = {
			isa = PBXVariantGroup;
			children = (
				3899C22129D427F200E36DB0 /* Base */,
			);
			name = LaunchScreen.storyboard;
			sourceTree = "<group>";
		};
/* End PBXVariantGroup section */

/* Begin XCBuildConfiguration section */
		3899C22429D427F200E36DB0 /* Debug */ = {
			isa = XCBuildConfiguration;
			buildSettings = {
				ALWAYS_SEARCH_USER_PATHS = NO;
				CLANG_ANALYZER_NONNULL = YES;
				CLANG_ANALYZER_NUMBER_OBJECT_CONVERSION = YES_AGGRESSIVE;
				CLANG_CXX_LANGUAGE_STANDARD = "gnu++20";
				CLANG_ENABLE_MODULES = YES;
				CLANG_ENABLE_OBJC_ARC = YES;
				CLANG_ENABLE_OBJC_WEAK = YES;
				CLANG_WARN_BLOCK_CAPTURE_AUTORELEASING = YES;
				CLANG_WARN_BOOL_CONVERSION = YES;
				CLANG_WARN_COMMA = YES;
				CLANG_WARN_CONSTANT_CONVERSION = YES;
				CLANG_WARN_DEPRECATED_OBJC_IMPLEMENTATIONS = YES;
				CLANG_WARN_DIRECT_OBJC_ISA_USAGE = YES_ERROR;
				CLANG_WARN_DOCUMENTATION_COMMENTS = YES;
				CLANG_WARN_EMPTY_BODY = YES;
				CLANG_WARN_ENUM_CONVERSION = YES;
				CLANG_WARN_INFINITE_RECURSION = YES;
				CLANG_WARN_INT_CONVERSION = YES;
				CLANG_WARN_NON_LITERAL_NULL_CONVERSION = YES;
				CLANG_WARN_OBJC_IMPLICIT_RETAIN_SELF = YES;
				CLANG_WARN_OBJC_LITERAL_CONVERSION = YES;
				CLANG_WARN_OBJC_ROOT_CLASS = YES_ERROR;
				CLANG_WARN_QUOTED_INCLUDE_IN_FRAMEWORK_HEADER = YES;
				CLANG_WARN_RANGE_LOOP_ANALYSIS = YES;
				CLANG_WARN_STRICT_PROTOTYPES = YES;
				CLANG_WARN_SUSPICIOUS_MOVE = YES;
				CLANG_WARN_UNGUARDED_AVAILABILITY = YES_AGGRESSIVE;
				CLANG_WARN_UNREACHABLE_CODE = YES;
				CLANG_WARN__DUPLICATE_METHOD_MATCH = YES;
				COPY_PHASE_STRIP = NO;
				DEBUG_INFORMATION_FORMAT = dwarf;
				ENABLE_STRICT_OBJC_MSGSEND = YES;
				ENABLE_TESTABILITY = YES;
				GCC_C_LANGUAGE_STANDARD = gnu11;
				GCC_DYNAMIC_NO_PIC = NO;
				GCC_NO_COMMON_BLOCKS = YES;
				GCC_OPTIMIZATION_LEVEL = 0;
				GCC_PREPROCESSOR_DEFINITIONS = (
					"DEBUG=1",
					"$(inherited)",
				);
				GCC_WARN_64_TO_32_BIT_CONVERSION = YES;
				GCC_WARN_ABOUT_RETURN_TYPE = YES_ERROR;
				GCC_WARN_UNDECLARED_SELECTOR = YES;
				GCC_WARN_UNINITIALIZED_AUTOS = YES_AGGRESSIVE;
				GCC_WARN_UNUSED_FUNCTION = YES;
				GCC_WARN_UNUSED_VARIABLE = YES;
				IPHONEOS_DEPLOYMENT_TARGET = 16.2;
				MTL_ENABLE_DEBUG_INFO = INCLUDE_SOURCE;
				MTL_FAST_MATH = YES;
				ONLY_ACTIVE_ARCH = YES;
				SDKROOT = iphoneos;
				SWIFT_ACTIVE_COMPILATION_CONDITIONS = DEBUG;
				SWIFT_OPTIMIZATION_LEVEL = "-Onone";
			};
			name = Debug;
		};
		3899C22529D427F200E36DB0 /* Release */ = {
			isa = XCBuildConfiguration;
			buildSettings = {
				ALWAYS_SEARCH_USER_PATHS = NO;
				CLANG_ANALYZER_NONNULL = YES;
				CLANG_ANALYZER_NUMBER_OBJECT_CONVERSION = YES_AGGRESSIVE;
				CLANG_CXX_LANGUAGE_STANDARD = "gnu++20";
				CLANG_ENABLE_MODULES = YES;
				CLANG_ENABLE_OBJC_ARC = YES;
				CLANG_ENABLE_OBJC_WEAK = YES;
				CLANG_WARN_BLOCK_CAPTURE_AUTORELEASING = YES;
				CLANG_WARN_BOOL_CONVERSION = YES;
				CLANG_WARN_COMMA = YES;
				CLANG_WARN_CONSTANT_CONVERSION = YES;
				CLANG_WARN_DEPRECATED_OBJC_IMPLEMENTATIONS = YES;
				CLANG_WARN_DIRECT_OBJC_ISA_USAGE = YES_ERROR;
				CLANG_WARN_DOCUMENTATION_COMMENTS = YES;
				CLANG_WARN_EMPTY_BODY = YES;
				CLANG_WARN_ENUM_CONVERSION = YES;
				CLANG_WARN_INFINITE_RECURSION = YES;
				CLANG_WARN_INT_CONVERSION = YES;
				CLANG_WARN_NON_LITERAL_NULL_CONVERSION = YES;
				CLANG_WARN_OBJC_IMPLICIT_RETAIN_SELF = YES;
				CLANG_WARN_OBJC_LITERAL_CONVERSION = YES;
				CLANG_WARN_OBJC_ROOT_CLASS = YES_ERROR;
				CLANG_WARN_QUOTED_INCLUDE_IN_FRAMEWORK_HEADER = YES;
				CLANG_WARN_RANGE_LOOP_ANALYSIS = YES;
				CLANG_WARN_STRICT_PROTOTYPES = YES;
				CLANG_WARN_SUSPICIOUS_MOVE = YES;
				CLANG_WARN_UNGUARDED_AVAILABILITY = YES_AGGRESSIVE;
				CLANG_WARN_UNREACHABLE_CODE = YES;
				CLANG_WARN__DUPLICATE_METHOD_MATCH = YES;
				COPY_PHASE_STRIP = NO;
				DEBUG_INFORMATION_FORMAT = "dwarf-with-dsym";
				ENABLE_NS_ASSERTIONS = NO;
				ENABLE_STRICT_OBJC_MSGSEND = YES;
				GCC_C_LANGUAGE_STANDARD = gnu11;
				GCC_NO_COMMON_BLOCKS = YES;
				GCC_WARN_64_TO_32_BIT_CONVERSION = YES;
				GCC_WARN_ABOUT_RETURN_TYPE = YES_ERROR;
				GCC_WARN_UNDECLARED_SELECTOR = YES;
				GCC_WARN_UNINITIALIZED_AUTOS = YES_AGGRESSIVE;
				GCC_WARN_UNUSED_FUNCTION = YES;
				GCC_WARN_UNUSED_VARIABLE = YES;
				IPHONEOS_DEPLOYMENT_TARGET = 16.2;
				MTL_ENABLE_DEBUG_INFO = NO;
				MTL_FAST_MATH = YES;
				SDKROOT = iphoneos;
				SWIFT_COMPILATION_MODE = wholemodule;
				SWIFT_OPTIMIZATION_LEVEL = "-O";
				VALIDATE_PRODUCT = YES;
			};
			name = Release;
		};
		3899C22729D427F200E36DB0 /* Debug */ = {
			isa = XCBuildConfiguration;
			buildSettings = {
				ASSETCATALOG_COMPILER_APPICON_NAME = AppIcon;
				ASSETCATALOG_COMPILER_GLOBAL_ACCENT_COLOR_NAME = AccentColor;
				CODE_SIGN_STYLE = Automatic;
				CURRENT_PROJECT_VERSION = 1;
				GENERATE_INFOPLIST_FILE = YES;
				INFOPLIST_FILE = Pokemons/Info.plist;
				INFOPLIST_KEY_UIApplicationSupportsIndirectInputEvents = YES;
				INFOPLIST_KEY_UILaunchStoryboardName = LaunchScreen;
				INFOPLIST_KEY_UISupportedInterfaceOrientations_iPad = "UIInterfaceOrientationPortrait UIInterfaceOrientationPortraitUpsideDown UIInterfaceOrientationLandscapeLeft UIInterfaceOrientationLandscapeRight";
				INFOPLIST_KEY_UISupportedInterfaceOrientations_iPhone = "UIInterfaceOrientationPortrait UIInterfaceOrientationLandscapeLeft UIInterfaceOrientationLandscapeRight";
				LD_RUNPATH_SEARCH_PATHS = (
					"$(inherited)",
					"@executable_path/Frameworks",
				);
				MARKETING_VERSION = 1.0;
				PRODUCT_BUNDLE_IDENTIFIER = com.yaraslaupaulouski.Pokemons;
				PRODUCT_NAME = "$(TARGET_NAME)";
				SWIFT_EMIT_LOC_STRINGS = YES;
				SWIFT_VERSION = 5.0;
				TARGETED_DEVICE_FAMILY = "1,2";
			};
			name = Debug;
		};
		3899C22829D427F200E36DB0 /* Release */ = {
			isa = XCBuildConfiguration;
			buildSettings = {
				ASSETCATALOG_COMPILER_APPICON_NAME = AppIcon;
				ASSETCATALOG_COMPILER_GLOBAL_ACCENT_COLOR_NAME = AccentColor;
				CODE_SIGN_STYLE = Automatic;
				CURRENT_PROJECT_VERSION = 1;
				GENERATE_INFOPLIST_FILE = YES;
				INFOPLIST_FILE = Pokemons/Info.plist;
				INFOPLIST_KEY_UIApplicationSupportsIndirectInputEvents = YES;
				INFOPLIST_KEY_UILaunchStoryboardName = LaunchScreen;
				INFOPLIST_KEY_UISupportedInterfaceOrientations_iPad = "UIInterfaceOrientationPortrait UIInterfaceOrientationPortraitUpsideDown UIInterfaceOrientationLandscapeLeft UIInterfaceOrientationLandscapeRight";
				INFOPLIST_KEY_UISupportedInterfaceOrientations_iPhone = "UIInterfaceOrientationPortrait UIInterfaceOrientationLandscapeLeft UIInterfaceOrientationLandscapeRight";
				LD_RUNPATH_SEARCH_PATHS = (
					"$(inherited)",
					"@executable_path/Frameworks",
				);
				MARKETING_VERSION = 1.0;
				PRODUCT_BUNDLE_IDENTIFIER = com.yaraslaupaulouski.Pokemons;
				PRODUCT_NAME = "$(TARGET_NAME)";
				SWIFT_EMIT_LOC_STRINGS = YES;
				SWIFT_VERSION = 5.0;
				TARGETED_DEVICE_FAMILY = "1,2";
			};
			name = Release;
		};
/* End XCBuildConfiguration section */

/* Begin XCConfigurationList section */
		3899C20D29D427F100E36DB0 /* Build configuration list for PBXProject "Pokemons" */ = {
			isa = XCConfigurationList;
			buildConfigurations = (
				3899C22429D427F200E36DB0 /* Debug */,
				3899C22529D427F200E36DB0 /* Release */,
			);
			defaultConfigurationIsVisible = 0;
			defaultConfigurationName = Release;
		};
		3899C22629D427F200E36DB0 /* Build configuration list for PBXNativeTarget "Pokemons" */ = {
			isa = XCConfigurationList;
			buildConfigurations = (
				3899C22729D427F200E36DB0 /* Debug */,
				3899C22829D427F200E36DB0 /* Release */,
			);
			defaultConfigurationIsVisible = 0;
			defaultConfigurationName = Release;
		};
/* End XCConfigurationList section */
	};
	rootObject = 3899C20A29D427F100E36DB0 /* Project object */;
}
